// !$*UTF8*$!
{
	archiveVersion = 1;
	classes = {
	};
	objectVersion = 46;
	objects = {

/* Begin PBXBuildFile section */
		F4F94EF7155A7EED00BBD987 /* UIKit.framework in Frameworks */ = {isa = PBXBuildFile; fileRef = F4F94EF6155A7EED00BBD987 /* UIKit.framework */; };
		F4F94EF9155A7EED00BBD987 /* Foundation.framework in Frameworks */ = {isa = PBXBuildFile; fileRef = F4F94EF8155A7EED00BBD987 /* Foundation.framework */; };
		F4F94EFB155A7EED00BBD987 /* CoreGraphics.framework in Frameworks */ = {isa = PBXBuildFile; fileRef = F4F94EFA155A7EED00BBD987 /* CoreGraphics.framework */; };
		F4F94F01155A7EED00BBD987 /* InfoPlist.strings in Resources */ = {isa = PBXBuildFile; fileRef = F4F94EFF155A7EED00BBD987 /* InfoPlist.strings */; };
		F4F94F03155A7EED00BBD987 /* main.m in Sources */ = {isa = PBXBuildFile; fileRef = F4F94F02155A7EED00BBD987 /* main.m */; };
		F4F94F07155A7EED00BBD987 /* AppDelegate.m in Sources */ = {isa = PBXBuildFile; fileRef = F4F94F06155A7EED00BBD987 /* AppDelegate.m */; };
		F4F94F0F155A7EFA00BBD987 /* SMXTwitterEngine.m in Sources */ = {isa = PBXBuildFile; fileRef = F4F94F0E155A7EFA00BBD987 /* SMXTwitterEngine.m */; };
		F4F94F11155A7F4200BBD987 /* Twitter.framework in Frameworks */ = {isa = PBXBuildFile; fileRef = F4F94F10155A7F4200BBD987 /* Twitter.framework */; settings = {ATTRIBUTES = (Weak, ); }; };
		F4F94F13155A7F9400BBD987 /* Accounts.framework in Frameworks */ = {isa = PBXBuildFile; fileRef = F4F94F12155A7F9400BBD987 /* Accounts.framework */; settings = {ATTRIBUTES = (Weak, ); }; };
		F4F94F17155A81AC00BBD987 /* UIAlertView+MKBlockAdditions.m in Sources */ = {isa = PBXBuildFile; fileRef = F4F94F16155A81AC00BBD987 /* UIAlertView+MKBlockAdditions.m */; };
/* End PBXBuildFile section */

/* Begin PBXFileReference section */
		F4F94EF2155A7EED00BBD987 /* SMXTwitterEngine.app */ = {isa = PBXFileReference; explicitFileType = wrapper.application; includeInIndex = 0; path = SMXTwitterEngine.app; sourceTree = BUILT_PRODUCTS_DIR; };
		F4F94EF6155A7EED00BBD987 /* UIKit.framework */ = {isa = PBXFileReference; lastKnownFileType = wrapper.framework; name = UIKit.framework; path = System/Library/Frameworks/UIKit.framework; sourceTree = SDKROOT; };
		F4F94EF8155A7EED00BBD987 /* Foundation.framework */ = {isa = PBXFileReference; lastKnownFileType = wrapper.framework; name = Foundation.framework; path = System/Library/Frameworks/Foundation.framework; sourceTree = SDKROOT; };
		F4F94EFA155A7EED00BBD987 /* CoreGraphics.framework */ = {isa = PBXFileReference; lastKnownFileType = wrapper.framework; name = CoreGraphics.framework; path = System/Library/Frameworks/CoreGraphics.framework; sourceTree = SDKROOT; };
		F4F94EFE155A7EED00BBD987 /* SMXTwitterEngine-Info.plist */ = {isa = PBXFileReference; lastKnownFileType = text.plist.xml; path = "SMXTwitterEngine-Info.plist"; sourceTree = "<group>"; };
		F4F94F00155A7EED00BBD987 /* en */ = {isa = PBXFileReference; lastKnownFileType = text.plist.strings; name = en; path = en.lproj/InfoPlist.strings; sourceTree = "<group>"; };
		F4F94F02155A7EED00BBD987 /* main.m */ = {isa = PBXFileReference; lastKnownFileType = sourcecode.c.objc; path = main.m; sourceTree = "<group>"; };
		F4F94F04155A7EED00BBD987 /* SMXTwitterEngine-Prefix.pch */ = {isa = PBXFileReference; lastKnownFileType = sourcecode.c.h; path = "SMXTwitterEngine-Prefix.pch"; sourceTree = "<group>"; };
		F4F94F05155A7EED00BBD987 /* AppDelegate.h */ = {isa = PBXFileReference; lastKnownFileType = sourcecode.c.h; path = AppDelegate.h; sourceTree = "<group>"; };
		F4F94F06155A7EED00BBD987 /* AppDelegate.m */ = {isa = PBXFileReference; lastKnownFileType = sourcecode.c.objc; path = AppDelegate.m; sourceTree = "<group>"; };
		F4F94F0D155A7EFA00BBD987 /* SMXTwitterEngine.h */ = {isa = PBXFileReference; fileEncoding = 4; lastKnownFileType = sourcecode.c.h; path = SMXTwitterEngine.h; sourceTree = "<group>"; };
		F4F94F0E155A7EFA00BBD987 /* SMXTwitterEngine.m */ = {isa = PBXFileReference; fileEncoding = 4; lastKnownFileType = sourcecode.c.objc; path = SMXTwitterEngine.m; sourceTree = "<group>"; };
		F4F94F10155A7F4200BBD987 /* Twitter.framework */ = {isa = PBXFileReference; lastKnownFileType = wrapper.framework; name = Twitter.framework; path = System/Library/Frameworks/Twitter.framework; sourceTree = SDKROOT; };
		F4F94F12155A7F9400BBD987 /* Accounts.framework */ = {isa = PBXFileReference; lastKnownFileType = wrapper.framework; name = Accounts.framework; path = System/Library/Frameworks/Accounts.framework; sourceTree = SDKROOT; };
		F4F94F14155A81AC00BBD987 /* MKBlockAdditions.h */ = {isa = PBXFileReference; fileEncoding = 4; lastKnownFileType = sourcecode.c.h; name = MKBlockAdditions.h; path = MKBlockAdditions/MKAdditions/MKBlockAdditions.h; sourceTree = SOURCE_ROOT; };
		F4F94F15155A81AC00BBD987 /* UIAlertView+MKBlockAdditions.h */ = {isa = PBXFileReference; fileEncoding = 4; lastKnownFileType = sourcecode.c.h; name = "UIAlertView+MKBlockAdditions.h"; path = "MKBlockAdditions/MKAdditions/UIAlertView+MKBlockAdditions.h"; sourceTree = SOURCE_ROOT; };
		F4F94F16155A81AC00BBD987 /* UIAlertView+MKBlockAdditions.m */ = {isa = PBXFileReference; fileEncoding = 4; lastKnownFileType = sourcecode.c.objc; name = "UIAlertView+MKBlockAdditions.m"; path = "MKBlockAdditions/MKAdditions/UIAlertView+MKBlockAdditions.m"; sourceTree = SOURCE_ROOT; };
/* End PBXFileReference section */

/* Begin PBXFrameworksBuildPhase section */
		F4F94EEF155A7EED00BBD987 /* Frameworks */ = {
			isa = PBXFrameworksBuildPhase;
			buildActionMask = 2147483647;
			files = (
				F4F94F13155A7F9400BBD987 /* Accounts.framework in Frameworks */,
				F4F94F11155A7F4200BBD987 /* Twitter.framework in Frameworks */,
				F4F94EF7155A7EED00BBD987 /* UIKit.framework in Frameworks */,
				F4F94EF9155A7EED00BBD987 /* Foundation.framework in Frameworks */,
				F4F94EFB155A7EED00BBD987 /* CoreGraphics.framework in Frameworks */,
			);
			runOnlyForDeploymentPostprocessing = 0;
		};
/* End PBXFrameworksBuildPhase section */

/* Begin PBXGroup section */
		F4F94EE7155A7EED00BBD987 = {
			isa = PBXGroup;
			children = (
				F4F94EFC155A7EED00BBD987 /* SMXTwitterEngine */,
				F4F94EF5155A7EED00BBD987 /* Frameworks */,
				F4F94EF3155A7EED00BBD987 /* Products */,
			);
			sourceTree = "<group>";
		};
		F4F94EF3155A7EED00BBD987 /* Products */ = {
			isa = PBXGroup;
			children = (
				F4F94EF2155A7EED00BBD987 /* SMXTwitterEngine.app */,
			);
			name = Products;
			sourceTree = "<group>";
		};
		F4F94EF5155A7EED00BBD987 /* Frameworks */ = {
			isa = PBXGroup;
			children = (
				F4F94F12155A7F9400BBD987 /* Accounts.framework */,
				F4F94F10155A7F4200BBD987 /* Twitter.framework */,
				F4F94EF6155A7EED00BBD987 /* UIKit.framework */,
				F4F94EF8155A7EED00BBD987 /* Foundation.framework */,
				F4F94EFA155A7EED00BBD987 /* CoreGraphics.framework */,
			);
			name = Frameworks;
			sourceTree = "<group>";
		};
		F4F94EFC155A7EED00BBD987 /* SMXTwitterEngine */ = {
			isa = PBXGroup;
			children = (
				F4F94F05155A7EED00BBD987 /* AppDelegate.h */,
				F4F94F06155A7EED00BBD987 /* AppDelegate.m */,
				F4F94F0D155A7EFA00BBD987 /* SMXTwitterEngine.h */,
				F4F94F0E155A7EFA00BBD987 /* SMXTwitterEngine.m */,
				F4F94F14155A81AC00BBD987 /* MKBlockAdditions.h */,
				F4F94F15155A81AC00BBD987 /* UIAlertView+MKBlockAdditions.h */,
				F4F94F16155A81AC00BBD987 /* UIAlertView+MKBlockAdditions.m */,
				F4F94EFD155A7EED00BBD987 /* Supporting Files */,
			);
			path = SMXTwitterEngine;
			sourceTree = "<group>";
		};
		F4F94EFD155A7EED00BBD987 /* Supporting Files */ = {
			isa = PBXGroup;
			children = (
				F4F94EFE155A7EED00BBD987 /* SMXTwitterEngine-Info.plist */,
				F4F94EFF155A7EED00BBD987 /* InfoPlist.strings */,
				F4F94F02155A7EED00BBD987 /* main.m */,
				F4F94F04155A7EED00BBD987 /* SMXTwitterEngine-Prefix.pch */,
			);
			name = "Supporting Files";
			sourceTree = "<group>";
		};
/* End PBXGroup section */

/* Begin PBXNativeTarget section */
		F4F94EF1155A7EED00BBD987 /* SMXTwitterEngine */ = {
			isa = PBXNativeTarget;
			buildConfigurationList = F4F94F0A155A7EED00BBD987 /* Build configuration list for PBXNativeTarget "SMXTwitterEngine" */;
			buildPhases = (
				F4F94EEE155A7EED00BBD987 /* Sources */,
				F4F94EEF155A7EED00BBD987 /* Frameworks */,
				F4F94EF0155A7EED00BBD987 /* Resources */,
			);
			buildRules = (
			);
			dependencies = (
			);
			name = SMXTwitterEngine;
			productName = SMXTwitterEngine;
			productReference = F4F94EF2155A7EED00BBD987 /* SMXTwitterEngine.app */;
			productType = "com.apple.product-type.application";
		};
/* End PBXNativeTarget section */

/* Begin PBXProject section */
		F4F94EE9155A7EED00BBD987 /* Project object */ = {
			isa = PBXProject;
			attributes = {
				LastUpgradeCheck = 0430;
			};
			buildConfigurationList = F4F94EEC155A7EED00BBD987 /* Build configuration list for PBXProject "SMXTwitterEngine" */;
			compatibilityVersion = "Xcode 3.2";
			developmentRegion = English;
			hasScannedForEncodings = 0;
			knownRegions = (
				en,
			);
			mainGroup = F4F94EE7155A7EED00BBD987;
			productRefGroup = F4F94EF3155A7EED00BBD987 /* Products */;
			projectDirPath = "";
			projectRoot = "";
			targets = (
				F4F94EF1155A7EED00BBD987 /* SMXTwitterEngine */,
			);
		};
/* End PBXProject section */

/* Begin PBXResourcesBuildPhase section */
		F4F94EF0155A7EED00BBD987 /* Resources */ = {
			isa = PBXResourcesBuildPhase;
			buildActionMask = 2147483647;
			files = (
				F4F94F01155A7EED00BBD987 /* InfoPlist.strings in Resources */,
			);
			runOnlyForDeploymentPostprocessing = 0;
		};
/* End PBXResourcesBuildPhase section */

/* Begin PBXSourcesBuildPhase section */
		F4F94EEE155A7EED00BBD987 /* Sources */ = {
			isa = PBXSourcesBuildPhase;
			buildActionMask = 2147483647;
			files = (
				F4F94F03155A7EED00BBD987 /* main.m in Sources */,
				F4F94F07155A7EED00BBD987 /* AppDelegate.m in Sources */,
				F4F94F0F155A7EFA00BBD987 /* SMXTwitterEngine.m in Sources */,
				F4F94F17155A81AC00BBD987 /* UIAlertView+MKBlockAdditions.m in Sources */,
			);
			runOnlyForDeploymentPostprocessing = 0;
		};
/* End PBXSourcesBuildPhase section */

/* Begin PBXVariantGroup section */
		F4F94EFF155A7EED00BBD987 /* InfoPlist.strings */ = {
			isa = PBXVariantGroup;
			children = (
				F4F94F00155A7EED00BBD987 /* en */,
			);
			name = InfoPlist.strings;
			sourceTree = "<group>";
		};
/* End PBXVariantGroup section */

/* Begin XCBuildConfiguration section */
		F4F94F08155A7EED00BBD987 /* Debug */ = {
			isa = XCBuildConfiguration;
			buildSettings = {
				ALWAYS_SEARCH_USER_PATHS = NO;
				ARCHS = "$(ARCHS_STANDARD_32_BIT)";
				"CODE_SIGN_IDENTITY[sdk=iphoneos*]" = "iPhone Developer";
				COPY_PHASE_STRIP = NO;
				GCC_C_LANGUAGE_STANDARD = gnu99;
				GCC_DYNAMIC_NO_PIC = NO;
				GCC_OPTIMIZATION_LEVEL = 0;
				GCC_PREPROCESSOR_DEFINITIONS = (
					"DEBUG=1",
					"$(inherited)",
				);
				GCC_SYMBOLS_PRIVATE_EXTERN = NO;
				GCC_VERSION = com.apple.compilers.llvm.clang.1_0;
				GCC_WARN_ABOUT_RETURN_TYPE = YES;
				GCC_WARN_UNINITIALIZED_AUTOS = YES;
				GCC_WARN_UNUSED_VARIABLE = YES;
				IPHONEOS_DEPLOYMENT_TARGET = 5.1;
				SDKROOT = iphoneos;
			};
			name = Debug;
		};
		F4F94F09155A7EED00BBD987 /* Release */ = {
			isa = XCBuildConfiguration;
			buildSettings = {
				ALWAYS_SEARCH_USER_PATHS = NO;
				ARCHS = "$(ARCHS_STANDARD_32_BIT)";
				"CODE_SIGN_IDENTITY[sdk=iphoneos*]" = "iPhone Developer";
				COPY_PHASE_STRIP = YES;
				GCC_C_LANGUAGE_STANDARD = gnu99;
				GCC_VERSION = com.apple.compilers.llvm.clang.1_0;
				GCC_WARN_ABOUT_RETURN_TYPE = YES;
				GCC_WARN_UNINITIALIZED_AUTOS = YES;
				GCC_WARN_UNUSED_VARIABLE = YES;
				IPHONEOS_DEPLOYMENT_TARGET = 5.1;
				OTHER_CFLAGS = "-DNS_BLOCK_ASSERTIONS=1";
				SDKROOT = iphoneos;
				VALIDATE_PRODUCT = YES;
			};
			name = Release;
		};
		F4F94F0B155A7EED00BBD987 /* Debug */ = {
			isa = XCBuildConfiguration;
			buildSettings = {
				GCC_PRECOMPILE_PREFIX_HEADER = YES;
				GCC_PREFIX_HEADER = "SMXTwitterEngine/SMXTwitterEngine-Prefix.pch";
				INFOPLIST_FILE = "SMXTwitterEngine/SMXTwitterEngine-Info.plist";
				PRODUCT_NAME = "$(TARGET_NAME)";
				WRAPPER_EXTENSION = app;
			};
			name = Debug;
		};
		F4F94F0C155A7EED00BBD987 /* Release */ = {
			isa = XCBuildConfiguration;
			buildSettings = {
				GCC_PRECOMPILE_PREFIX_HEADER = YES;
				GCC_PREFIX_HEADER = "SMXTwitterEngine/SMXTwitterEngine-Prefix.pch";
				INFOPLIST_FILE = "SMXTwitterEngine/SMXTwitterEngine-Info.plist";
				PRODUCT_NAME = "$(TARGET_NAME)";
				WRAPPER_EXTENSION = app;
			};
			name = Release;
		};
/* End XCBuildConfiguration section */

/* Begin XCConfigurationList section */
		F4F94EEC155A7EED00BBD987 /* Build configuration list for PBXProject "SMXTwitterEngine" */ = {
			isa = XCConfigurationList;
			buildConfigurations = (
				F4F94F08155A7EED00BBD987 /* Debug */,
				F4F94F09155A7EED00BBD987 /* Release */,
			);
			defaultConfigurationIsVisible = 0;
			defaultConfigurationName = Release;
		};
		F4F94F0A155A7EED00BBD987 /* Build configuration list for PBXNativeTarget "SMXTwitterEngine" */ = {
			isa = XCConfigurationList;
			buildConfigurations = (
				F4F94F0B155A7EED00BBD987 /* Debug */,
				F4F94F0C155A7EED00BBD987 /* Release */,
			);
			defaultConfigurationIsVisible = 0;
		};
/* End XCConfigurationList section */
	};
	rootObject = F4F94EE9155A7EED00BBD987 /* Project object */;
}
