// !$*UTF8*$!
{
	archiveVersion = 1;
	classes = {
	};
	objectVersion = 46;
	objects = {

/* Begin PBXBuildFile section */
		F4F94EF7155A7EED00BBD987 /* UIKit.framework in Frameworks */ = {isa = PBXBuildFile; fileRef = F4F94EF6155A7EED00BBD987 /* UIKit.framework */; };
		F4F94EF9155A7EED00BBD987 /* Foundation.framework in Frameworks */ = {isa = PBXBuildFile; fileRef = F4F94EF8155A7EED00BBD987 /* Foundation.framework */; settings = {ATTRIBUTES = (Weak, ); }; };
		F4F94EFB155A7EED00BBD987 /* CoreGraphics.framework in Frameworks */ = {isa = PBXBuildFile; fileRef = F4F94EFA155A7EED00BBD987 /* CoreGraphics.framework */; };
		F4F94F01155A7EED00BBD987 /* InfoPlist.strings in Resources */ = {isa = PBXBuildFile; fileRef = F4F94EFF155A7EED00BBD987 /* InfoPlist.strings */; };
		F4F94F03155A7EED00BBD987 /* main.m in Sources */ = {isa = PBXBuildFile; fileRef = F4F94F02155A7EED00BBD987 /* main.m */; };
		F4F94F07155A7EED00BBD987 /* AppDelegate.m in Sources */ = {isa = PBXBuildFile; fileRef = F4F94F06155A7EED00BBD987 /* AppDelegate.m */; };
		F4F94F0F155A7EFA00BBD987 /* SMXTwitterEngine.m in Sources */ = {isa = PBXBuildFile; fileRef = F4F94F0E155A7EFA00BBD987 /* SMXTwitterEngine.m */; };
		F4F94F11155A7F4200BBD987 /* Twitter.framework in Frameworks */ = {isa = PBXBuildFile; fileRef = F4F94F10155A7F4200BBD987 /* Twitter.framework */; settings = {ATTRIBUTES = (Weak, ); }; };
		F4F94F13155A7F9400BBD987 /* Accounts.framework in Frameworks */ = {isa = PBXBuildFile; fileRef = F4F94F12155A7F9400BBD987 /* Accounts.framework */; settings = {ATTRIBUTES = (Weak, ); }; };
		F4F94F17155A81AC00BBD987 /* UIAlertView+MKBlockAdditions.m in Sources */ = {isa = PBXBuildFile; fileRef = F4F94F16155A81AC00BBD987 /* UIAlertView+MKBlockAdditions.m */; };
		F4F94FDD155AA3B400BBD987 /* TwitterViewController.m in Sources */ = {isa = PBXBuildFile; fileRef = F4F94FDC155AA3B400BBD987 /* TwitterViewController.m */; };
		F4F94FDF155AA3DC00BBD987 /* TwitterViewController.xib in Resources */ = {isa = PBXBuildFile; fileRef = F4F94FDE155AA3DC00BBD987 /* TwitterViewController.xib */; };
		F4F9500B155AA6DE00BBD987 /* NSMutableURLRequest+Parameters.m in Sources */ = {isa = PBXBuildFile; fileRef = F4F94FE3155AA6DE00BBD987 /* NSMutableURLRequest+Parameters.m */; };
		F4F9500C155AA6DE00BBD987 /* NSString+URLEncoding.m in Sources */ = {isa = PBXBuildFile; fileRef = F4F94FE5155AA6DE00BBD987 /* NSString+URLEncoding.m */; };
		F4F9500D155AA6DE00BBD987 /* NSURL+Base.m in Sources */ = {isa = PBXBuildFile; fileRef = F4F94FE7155AA6DE00BBD987 /* NSURL+Base.m */; };
		F4F9500E155AA6DE00BBD987 /* Base64Transcoder.c in Sources */ = {isa = PBXBuildFile; fileRef = F4F94FE9155AA6DE00BBD987 /* Base64Transcoder.c */; };
		F4F9500F155AA6DE00BBD987 /* hmac.c in Sources */ = {isa = PBXBuildFile; fileRef = F4F94FEB155AA6DE00BBD987 /* hmac.c */; };
		F4F95010155AA6DE00BBD987 /* sha1.c in Sources */ = {isa = PBXBuildFile; fileRef = F4F94FED155AA6DE00BBD987 /* sha1.c */; };
		F4F95011155AA6DE00BBD987 /* OAAttachment.m in Sources */ = {isa = PBXBuildFile; fileRef = F4F94FF0155AA6DE00BBD987 /* OAAttachment.m */; };
		F4F95012155AA6DE00BBD987 /* OACall.m in Sources */ = {isa = PBXBuildFile; fileRef = F4F94FF2155AA6DE00BBD987 /* OACall.m */; };
		F4F95013155AA6DE00BBD987 /* OAConsumer.m in Sources */ = {isa = PBXBuildFile; fileRef = F4F94FF4155AA6DE00BBD987 /* OAConsumer.m */; };
		F4F95014155AA6DE00BBD987 /* OADataFetcher.m in Sources */ = {isa = PBXBuildFile; fileRef = F4F94FF6155AA6DE00BBD987 /* OADataFetcher.m */; };
		F4F95015155AA6DE00BBD987 /* OAHMAC_SHA1SignatureProvider.m in Sources */ = {isa = PBXBuildFile; fileRef = F4F94FF8155AA6DE00BBD987 /* OAHMAC_SHA1SignatureProvider.m */; };
		F4F95016155AA6DE00BBD987 /* OAMutableURLRequest.m in Sources */ = {isa = PBXBuildFile; fileRef = F4F94FFA155AA6DE00BBD987 /* OAMutableURLRequest.m */; };
		F4F95017155AA6DE00BBD987 /* OAPlaintextSignatureProvider.m in Sources */ = {isa = PBXBuildFile; fileRef = F4F94FFC155AA6DE00BBD987 /* OAPlaintextSignatureProvider.m */; };
		F4F95018155AA6DE00BBD987 /* OAProblem.m in Sources */ = {isa = PBXBuildFile; fileRef = F4F94FFE155AA6DE00BBD987 /* OAProblem.m */; };
		F4F95019155AA6DE00BBD987 /* OARequestParameter.m in Sources */ = {isa = PBXBuildFile; fileRef = F4F95000155AA6DE00BBD987 /* OARequestParameter.m */; };
		F4F9501A155AA6DE00BBD987 /* OAServiceTicket.m in Sources */ = {isa = PBXBuildFile; fileRef = F4F95002155AA6DE00BBD987 /* OAServiceTicket.m */; };
		F4F9501B155AA6DF00BBD987 /* OATestServer.rb in Resources */ = {isa = PBXBuildFile; fileRef = F4F95004155AA6DE00BBD987 /* OATestServer.rb */; };
		F4F9501C155AA6DF00BBD987 /* OAToken.m in Sources */ = {isa = PBXBuildFile; fileRef = F4F95006155AA6DE00BBD987 /* OAToken.m */; };
		F4F9501D155AA6DF00BBD987 /* OATokenManager.m in Sources */ = {isa = PBXBuildFile; fileRef = F4F95008155AA6DE00BBD987 /* OATokenManager.m */; };
		F4F9501E155AA6DF00BBD987 /* README in Resources */ = {isa = PBXBuildFile; fileRef = F4F9500A155AA6DE00BBD987 /* README */; };
		F4F95038155ABC1C00BBD987 /* JSONKit.m in Sources */ = {isa = PBXBuildFile; fileRef = F4F95037155ABC1C00BBD987 /* JSONKit.m */; };
		F4F95042155AC07C00BBD987 /* THWebController.bundle in Resources */ = {isa = PBXBuildFile; fileRef = F4F9503F155AC07C00BBD987 /* THWebController.bundle */; };
		F4F95043155AC07C00BBD987 /* THWebController.m in Sources */ = {isa = PBXBuildFile; fileRef = F4F95041155AC07C00BBD987 /* THWebController.m */; };
/* End PBXBuildFile section */

/* Begin PBXFileReference section */
		F4F94EF2155A7EED00BBD987 /* SMXTwitterEngine.app */ = {isa = PBXFileReference; explicitFileType = wrapper.application; includeInIndex = 0; path = SMXTwitterEngine.app; sourceTree = BUILT_PRODUCTS_DIR; };
		F4F94EF6155A7EED00BBD987 /* UIKit.framework */ = {isa = PBXFileReference; lastKnownFileType = wrapper.framework; name = UIKit.framework; path = System/Library/Frameworks/UIKit.framework; sourceTree = SDKROOT; };
		F4F94EF8155A7EED00BBD987 /* Foundation.framework */ = {isa = PBXFileReference; lastKnownFileType = wrapper.framework; name = Foundation.framework; path = System/Library/Frameworks/Foundation.framework; sourceTree = SDKROOT; };
		F4F94EFA155A7EED00BBD987 /* CoreGraphics.framework */ = {isa = PBXFileReference; lastKnownFileType = wrapper.framework; name = CoreGraphics.framework; path = System/Library/Frameworks/CoreGraphics.framework; sourceTree = SDKROOT; };
		F4F94EFE155A7EED00BBD987 /* SMXTwitterEngine-Info.plist */ = {isa = PBXFileReference; lastKnownFileType = text.plist.xml; path = "SMXTwitterEngine-Info.plist"; sourceTree = "<group>"; };
		F4F94F00155A7EED00BBD987 /* en */ = {isa = PBXFileReference; lastKnownFileType = text.plist.strings; name = en; path = en.lproj/InfoPlist.strings; sourceTree = "<group>"; };
		F4F94F02155A7EED00BBD987 /* main.m */ = {isa = PBXFileReference; lastKnownFileType = sourcecode.c.objc; path = main.m; sourceTree = "<group>"; };
		F4F94F04155A7EED00BBD987 /* SMXTwitterEngine-Prefix.pch */ = {isa = PBXFileReference; lastKnownFileType = sourcecode.c.h; path = "SMXTwitterEngine-Prefix.pch"; sourceTree = "<group>"; };
		F4F94F05155A7EED00BBD987 /* AppDelegate.h */ = {isa = PBXFileReference; lastKnownFileType = sourcecode.c.h; path = AppDelegate.h; sourceTree = "<group>"; };
		F4F94F06155A7EED00BBD987 /* AppDelegate.m */ = {isa = PBXFileReference; lastKnownFileType = sourcecode.c.objc; path = AppDelegate.m; sourceTree = "<group>"; };
		F4F94F0D155A7EFA00BBD987 /* SMXTwitterEngine.h */ = {isa = PBXFileReference; fileEncoding = 4; lastKnownFileType = sourcecode.c.h; path = SMXTwitterEngine.h; sourceTree = "<group>"; };
		F4F94F0E155A7EFA00BBD987 /* SMXTwitterEngine.m */ = {isa = PBXFileReference; fileEncoding = 4; lastKnownFileType = sourcecode.c.objc; path = SMXTwitterEngine.m; sourceTree = "<group>"; };
		F4F94F10155A7F4200BBD987 /* Twitter.framework */ = {isa = PBXFileReference; lastKnownFileType = wrapper.framework; name = Twitter.framework; path = System/Library/Frameworks/Twitter.framework; sourceTree = SDKROOT; };
		F4F94F12155A7F9400BBD987 /* Accounts.framework */ = {isa = PBXFileReference; lastKnownFileType = wrapper.framework; name = Accounts.framework; path = System/Library/Frameworks/Accounts.framework; sourceTree = SDKROOT; };
		F4F94F14155A81AC00BBD987 /* MKBlockAdditions.h */ = {isa = PBXFileReference; fileEncoding = 4; lastKnownFileType = sourcecode.c.h; name = MKBlockAdditions.h; path = MKBlockAdditions/MKAdditions/MKBlockAdditions.h; sourceTree = SOURCE_ROOT; };
		F4F94F15155A81AC00BBD987 /* UIAlertView+MKBlockAdditions.h */ = {isa = PBXFileReference; fileEncoding = 4; lastKnownFileType = sourcecode.c.h; name = "UIAlertView+MKBlockAdditions.h"; path = "MKBlockAdditions/MKAdditions/UIAlertView+MKBlockAdditions.h"; sourceTree = SOURCE_ROOT; };
		F4F94F16155A81AC00BBD987 /* UIAlertView+MKBlockAdditions.m */ = {isa = PBXFileReference; fileEncoding = 4; lastKnownFileType = sourcecode.c.objc; name = "UIAlertView+MKBlockAdditions.m"; path = "MKBlockAdditions/MKAdditions/UIAlertView+MKBlockAdditions.m"; sourceTree = SOURCE_ROOT; };
		F4F94FDB155AA3B400BBD987 /* TwitterViewController.h */ = {isa = PBXFileReference; fileEncoding = 4; lastKnownFileType = sourcecode.c.h; path = TwitterViewController.h; sourceTree = "<group>"; };
		F4F94FDC155AA3B400BBD987 /* TwitterViewController.m */ = {isa = PBXFileReference; fileEncoding = 4; lastKnownFileType = sourcecode.c.objc; path = TwitterViewController.m; sourceTree = "<group>"; };
		F4F94FDE155AA3DC00BBD987 /* TwitterViewController.xib */ = {isa = PBXFileReference; fileEncoding = 4; lastKnownFileType = file.xib; path = TwitterViewController.xib; sourceTree = "<group>"; };
		F4F94FE2155AA6DE00BBD987 /* NSMutableURLRequest+Parameters.h */ = {isa = PBXFileReference; fileEncoding = 4; lastKnownFileType = sourcecode.c.h; path = "NSMutableURLRequest+Parameters.h"; sourceTree = "<group>"; };
		F4F94FE3155AA6DE00BBD987 /* NSMutableURLRequest+Parameters.m */ = {isa = PBXFileReference; fileEncoding = 4; lastKnownFileType = sourcecode.c.objc; path = "NSMutableURLRequest+Parameters.m"; sourceTree = "<group>"; };
		F4F94FE4155AA6DE00BBD987 /* NSString+URLEncoding.h */ = {isa = PBXFileReference; fileEncoding = 4; lastKnownFileType = sourcecode.c.h; path = "NSString+URLEncoding.h"; sourceTree = "<group>"; };
		F4F94FE5155AA6DE00BBD987 /* NSString+URLEncoding.m */ = {isa = PBXFileReference; fileEncoding = 4; lastKnownFileType = sourcecode.c.objc; path = "NSString+URLEncoding.m"; sourceTree = "<group>"; };
		F4F94FE6155AA6DE00BBD987 /* NSURL+Base.h */ = {isa = PBXFileReference; fileEncoding = 4; lastKnownFileType = sourcecode.c.h; path = "NSURL+Base.h"; sourceTree = "<group>"; };
		F4F94FE7155AA6DE00BBD987 /* NSURL+Base.m */ = {isa = PBXFileReference; fileEncoding = 4; lastKnownFileType = sourcecode.c.objc; path = "NSURL+Base.m"; sourceTree = "<group>"; };
		F4F94FE9155AA6DE00BBD987 /* Base64Transcoder.c */ = {isa = PBXFileReference; fileEncoding = 4; lastKnownFileType = sourcecode.c.c; path = Base64Transcoder.c; sourceTree = "<group>"; };
		F4F94FEA155AA6DE00BBD987 /* Base64Transcoder.h */ = {isa = PBXFileReference; fileEncoding = 4; lastKnownFileType = sourcecode.c.h; path = Base64Transcoder.h; sourceTree = "<group>"; };
		F4F94FEB155AA6DE00BBD987 /* hmac.c */ = {isa = PBXFileReference; fileEncoding = 4; lastKnownFileType = sourcecode.c.c; path = hmac.c; sourceTree = "<group>"; };
		F4F94FEC155AA6DE00BBD987 /* hmac.h */ = {isa = PBXFileReference; fileEncoding = 4; lastKnownFileType = sourcecode.c.h; path = hmac.h; sourceTree = "<group>"; };
		F4F94FED155AA6DE00BBD987 /* sha1.c */ = {isa = PBXFileReference; fileEncoding = 4; lastKnownFileType = sourcecode.c.c; path = sha1.c; sourceTree = "<group>"; };
		F4F94FEE155AA6DE00BBD987 /* sha1.h */ = {isa = PBXFileReference; fileEncoding = 4; lastKnownFileType = sourcecode.c.h; path = sha1.h; sourceTree = "<group>"; };
		F4F94FEF155AA6DE00BBD987 /* OAAttachment.h */ = {isa = PBXFileReference; fileEncoding = 4; lastKnownFileType = sourcecode.c.h; path = OAAttachment.h; sourceTree = "<group>"; };
		F4F94FF0155AA6DE00BBD987 /* OAAttachment.m */ = {isa = PBXFileReference; fileEncoding = 4; lastKnownFileType = sourcecode.c.objc; path = OAAttachment.m; sourceTree = "<group>"; };
		F4F94FF1155AA6DE00BBD987 /* OACall.h */ = {isa = PBXFileReference; fileEncoding = 4; lastKnownFileType = sourcecode.c.h; path = OACall.h; sourceTree = "<group>"; };
		F4F94FF2155AA6DE00BBD987 /* OACall.m */ = {isa = PBXFileReference; fileEncoding = 4; lastKnownFileType = sourcecode.c.objc; path = OACall.m; sourceTree = "<group>"; };
		F4F94FF3155AA6DE00BBD987 /* OAConsumer.h */ = {isa = PBXFileReference; fileEncoding = 4; lastKnownFileType = sourcecode.c.h; path = OAConsumer.h; sourceTree = "<group>"; };
		F4F94FF4155AA6DE00BBD987 /* OAConsumer.m */ = {isa = PBXFileReference; fileEncoding = 4; lastKnownFileType = sourcecode.c.objc; path = OAConsumer.m; sourceTree = "<group>"; };
		F4F94FF5155AA6DE00BBD987 /* OADataFetcher.h */ = {isa = PBXFileReference; fileEncoding = 4; lastKnownFileType = sourcecode.c.h; path = OADataFetcher.h; sourceTree = "<group>"; };
		F4F94FF6155AA6DE00BBD987 /* OADataFetcher.m */ = {isa = PBXFileReference; fileEncoding = 4; lastKnownFileType = sourcecode.c.objc; path = OADataFetcher.m; sourceTree = "<group>"; };
		F4F94FF7155AA6DE00BBD987 /* OAHMAC_SHA1SignatureProvider.h */ = {isa = PBXFileReference; fileEncoding = 4; lastKnownFileType = sourcecode.c.h; path = OAHMAC_SHA1SignatureProvider.h; sourceTree = "<group>"; };
		F4F94FF8155AA6DE00BBD987 /* OAHMAC_SHA1SignatureProvider.m */ = {isa = PBXFileReference; fileEncoding = 4; lastKnownFileType = sourcecode.c.objc; path = OAHMAC_SHA1SignatureProvider.m; sourceTree = "<group>"; };
		F4F94FF9155AA6DE00BBD987 /* OAMutableURLRequest.h */ = {isa = PBXFileReference; fileEncoding = 4; lastKnownFileType = sourcecode.c.h; path = OAMutableURLRequest.h; sourceTree = "<group>"; };
		F4F94FFA155AA6DE00BBD987 /* OAMutableURLRequest.m */ = {isa = PBXFileReference; fileEncoding = 4; lastKnownFileType = sourcecode.c.objc; path = OAMutableURLRequest.m; sourceTree = "<group>"; };
		F4F94FFB155AA6DE00BBD987 /* OAPlaintextSignatureProvider.h */ = {isa = PBXFileReference; fileEncoding = 4; lastKnownFileType = sourcecode.c.h; path = OAPlaintextSignatureProvider.h; sourceTree = "<group>"; };
		F4F94FFC155AA6DE00BBD987 /* OAPlaintextSignatureProvider.m */ = {isa = PBXFileReference; fileEncoding = 4; lastKnownFileType = sourcecode.c.objc; path = OAPlaintextSignatureProvider.m; sourceTree = "<group>"; };
		F4F94FFD155AA6DE00BBD987 /* OAProblem.h */ = {isa = PBXFileReference; fileEncoding = 4; lastKnownFileType = sourcecode.c.h; path = OAProblem.h; sourceTree = "<group>"; };
		F4F94FFE155AA6DE00BBD987 /* OAProblem.m */ = {isa = PBXFileReference; fileEncoding = 4; lastKnownFileType = sourcecode.c.objc; path = OAProblem.m; sourceTree = "<group>"; };
		F4F94FFF155AA6DE00BBD987 /* OARequestParameter.h */ = {isa = PBXFileReference; fileEncoding = 4; lastKnownFileType = sourcecode.c.h; path = OARequestParameter.h; sourceTree = "<group>"; };
		F4F95000155AA6DE00BBD987 /* OARequestParameter.m */ = {isa = PBXFileReference; fileEncoding = 4; lastKnownFileType = sourcecode.c.objc; path = OARequestParameter.m; sourceTree = "<group>"; };
		F4F95001155AA6DE00BBD987 /* OAServiceTicket.h */ = {isa = PBXFileReference; fileEncoding = 4; lastKnownFileType = sourcecode.c.h; path = OAServiceTicket.h; sourceTree = "<group>"; };
		F4F95002155AA6DE00BBD987 /* OAServiceTicket.m */ = {isa = PBXFileReference; fileEncoding = 4; lastKnownFileType = sourcecode.c.objc; path = OAServiceTicket.m; sourceTree = "<group>"; };
		F4F95003155AA6DE00BBD987 /* OASignatureProviding.h */ = {isa = PBXFileReference; fileEncoding = 4; lastKnownFileType = sourcecode.c.h; path = OASignatureProviding.h; sourceTree = "<group>"; };
		F4F95004155AA6DE00BBD987 /* OATestServer.rb */ = {isa = PBXFileReference; fileEncoding = 4; lastKnownFileType = text.script.ruby; path = OATestServer.rb; sourceTree = "<group>"; };
		F4F95005155AA6DE00BBD987 /* OAToken.h */ = {isa = PBXFileReference; fileEncoding = 4; lastKnownFileType = sourcecode.c.h; path = OAToken.h; sourceTree = "<group>"; };
		F4F95006155AA6DE00BBD987 /* OAToken.m */ = {isa = PBXFileReference; fileEncoding = 4; lastKnownFileType = sourcecode.c.objc; path = OAToken.m; sourceTree = "<group>"; };
		F4F95007155AA6DE00BBD987 /* OATokenManager.h */ = {isa = PBXFileReference; fileEncoding = 4; lastKnownFileType = sourcecode.c.h; path = OATokenManager.h; sourceTree = "<group>"; };
		F4F95008155AA6DE00BBD987 /* OATokenManager.m */ = {isa = PBXFileReference; fileEncoding = 4; lastKnownFileType = sourcecode.c.objc; path = OATokenManager.m; sourceTree = "<group>"; };
		F4F95009155AA6DE00BBD987 /* OAuthConsumer.h */ = {isa = PBXFileReference; fileEncoding = 4; lastKnownFileType = sourcecode.c.h; path = OAuthConsumer.h; sourceTree = "<group>"; };
		F4F9500A155AA6DE00BBD987 /* README */ = {isa = PBXFileReference; fileEncoding = 4; lastKnownFileType = text; path = README; sourceTree = "<group>"; };
		F4F95036155ABC1C00BBD987 /* JSONKit.h */ = {isa = PBXFileReference; fileEncoding = 4; lastKnownFileType = sourcecode.c.h; name = JSONKit.h; path = JSONKit/JSONKit.h; sourceTree = SOURCE_ROOT; };
		F4F95037155ABC1C00BBD987 /* JSONKit.m */ = {isa = PBXFileReference; fileEncoding = 4; lastKnownFileType = sourcecode.c.objc; name = JSONKit.m; path = JSONKit/JSONKit.m; sourceTree = SOURCE_ROOT; };
		F4F9503F155AC07C00BBD987 /* THWebController.bundle */ = {isa = PBXFileReference; lastKnownFileType = "wrapper.plug-in"; name = THWebController.bundle; path = THWebViewController/THWebViewController/THWebController.bundle; sourceTree = SOURCE_ROOT; };
		F4F95040155AC07C00BBD987 /* THWebController.h */ = {isa = PBXFileReference; fileEncoding = 4; lastKnownFileType = sourcecode.c.h; name = THWebController.h; path = THWebViewController/THWebViewController/THWebController.h; sourceTree = SOURCE_ROOT; };
		F4F95041155AC07C00BBD987 /* THWebController.m */ = {isa = PBXFileReference; fileEncoding = 4; lastKnownFileType = sourcecode.c.objc; name = THWebController.m; path = THWebViewController/THWebViewController/THWebController.m; sourceTree = SOURCE_ROOT; };
/* End PBXFileReference section */

/* Begin PBXFrameworksBuildPhase section */
		F4F94EEF155A7EED00BBD987 /* Frameworks */ = {
			isa = PBXFrameworksBuildPhase;
			buildActionMask = 2147483647;
			files = (
				F4F94F13155A7F9400BBD987 /* Accounts.framework in Frameworks */,
				F4F94F11155A7F4200BBD987 /* Twitter.framework in Frameworks */,
				F4F94EF7155A7EED00BBD987 /* UIKit.framework in Frameworks */,
				F4F94EF9155A7EED00BBD987 /* Foundation.framework in Frameworks */,
				F4F94EFB155A7EED00BBD987 /* CoreGraphics.framework in Frameworks */,
			);
			runOnlyForDeploymentPostprocessing = 0;
		};
/* End PBXFrameworksBuildPhase section */

/* Begin PBXGroup section */
		F4F94EE7155A7EED00BBD987 = {
			isa = PBXGroup;
			children = (
				F4F94EFC155A7EED00BBD987 /* SMXTwitterEngine */,
				F4F94EF5155A7EED00BBD987 /* Frameworks */,
				F4F94EF3155A7EED00BBD987 /* Products */,
			);
			sourceTree = "<group>";
		};
		F4F94EF3155A7EED00BBD987 /* Products */ = {
			isa = PBXGroup;
			children = (
				F4F94EF2155A7EED00BBD987 /* SMXTwitterEngine.app */,
			);
			name = Products;
			sourceTree = "<group>";
		};
		F4F94EF5155A7EED00BBD987 /* Frameworks */ = {
			isa = PBXGroup;
			children = (
				F4F94F12155A7F9400BBD987 /* Accounts.framework */,
				F4F94F10155A7F4200BBD987 /* Twitter.framework */,
				F4F94EF6155A7EED00BBD987 /* UIKit.framework */,
				F4F94EF8155A7EED00BBD987 /* Foundation.framework */,
				F4F94EFA155A7EED00BBD987 /* CoreGraphics.framework */,
			);
			name = Frameworks;
			sourceTree = "<group>";
		};
		F4F94EFC155A7EED00BBD987 /* SMXTwitterEngine */ = {
			isa = PBXGroup;
			children = (
				F4F94F05155A7EED00BBD987 /* AppDelegate.h */,
				F4F94F06155A7EED00BBD987 /* AppDelegate.m */,
				F4F94FDB155AA3B400BBD987 /* TwitterViewController.h */,
				F4F94FDC155AA3B400BBD987 /* TwitterViewController.m */,
				F4F94FDE155AA3DC00BBD987 /* TwitterViewController.xib */,
				F4F94F0D155A7EFA00BBD987 /* SMXTwitterEngine.h */,
				F4F94F0E155A7EFA00BBD987 /* SMXTwitterEngine.m */,
				F4F94F14155A81AC00BBD987 /* MKBlockAdditions.h */,
				F4F94F15155A81AC00BBD987 /* UIAlertView+MKBlockAdditions.h */,
				F4F94F16155A81AC00BBD987 /* UIAlertView+MKBlockAdditions.m */,
				F4F9503E155AC06800BBD987 /* THWebViewController */,
				F4F95035155ABC0B00BBD987 /* JSONKit */,
				F4F94FE0155AA6DE00BBD987 /* OAuthConsumer */,
				F4F94EFD155A7EED00BBD987 /* Supporting Files */,
			);
			path = SMXTwitterEngine;
			sourceTree = "<group>";
		};
		F4F94EFD155A7EED00BBD987 /* Supporting Files */ = {
			isa = PBXGroup;
			children = (
				F4F94EFE155A7EED00BBD987 /* SMXTwitterEngine-Info.plist */,
				F4F94EFF155A7EED00BBD987 /* InfoPlist.strings */,
				F4F94F02155A7EED00BBD987 /* main.m */,
				F4F94F04155A7EED00BBD987 /* SMXTwitterEngine-Prefix.pch */,
			);
			name = "Supporting Files";
			sourceTree = "<group>";
		};
		F4F94FE0155AA6DE00BBD987 /* OAuthConsumer */ = {
			isa = PBXGroup;
			children = (
				F4F94FE1155AA6DE00BBD987 /* Categories */,
				F4F94FE8155AA6DE00BBD987 /* Crypto */,
				F4F94FEF155AA6DE00BBD987 /* OAAttachment.h */,
				F4F94FF0155AA6DE00BBD987 /* OAAttachment.m */,
				F4F94FF1155AA6DE00BBD987 /* OACall.h */,
				F4F94FF2155AA6DE00BBD987 /* OACall.m */,
				F4F94FF3155AA6DE00BBD987 /* OAConsumer.h */,
				F4F94FF4155AA6DE00BBD987 /* OAConsumer.m */,
				F4F94FF5155AA6DE00BBD987 /* OADataFetcher.h */,
				F4F94FF6155AA6DE00BBD987 /* OADataFetcher.m */,
				F4F94FF7155AA6DE00BBD987 /* OAHMAC_SHA1SignatureProvider.h */,
				F4F94FF8155AA6DE00BBD987 /* OAHMAC_SHA1SignatureProvider.m */,
				F4F94FF9155AA6DE00BBD987 /* OAMutableURLRequest.h */,
				F4F94FFA155AA6DE00BBD987 /* OAMutableURLRequest.m */,
				F4F94FFB155AA6DE00BBD987 /* OAPlaintextSignatureProvider.h */,
				F4F94FFC155AA6DE00BBD987 /* OAPlaintextSignatureProvider.m */,
				F4F94FFD155AA6DE00BBD987 /* OAProblem.h */,
				F4F94FFE155AA6DE00BBD987 /* OAProblem.m */,
				F4F94FFF155AA6DE00BBD987 /* OARequestParameter.h */,
				F4F95000155AA6DE00BBD987 /* OARequestParameter.m */,
				F4F95001155AA6DE00BBD987 /* OAServiceTicket.h */,
				F4F95002155AA6DE00BBD987 /* OAServiceTicket.m */,
				F4F95003155AA6DE00BBD987 /* OASignatureProviding.h */,
				F4F95004155AA6DE00BBD987 /* OATestServer.rb */,
				F4F95005155AA6DE00BBD987 /* OAToken.h */,
				F4F95006155AA6DE00BBD987 /* OAToken.m */,
				F4F95007155AA6DE00BBD987 /* OATokenManager.h */,
				F4F95008155AA6DE00BBD987 /* OATokenManager.m */,
				F4F95009155AA6DE00BBD987 /* OAuthConsumer.h */,
				F4F9500A155AA6DE00BBD987 /* README */,
			);
			path = OAuthConsumer;
			sourceTree = SOURCE_ROOT;
		};
		F4F94FE1155AA6DE00BBD987 /* Categories */ = {
			isa = PBXGroup;
			children = (
				F4F94FE2155AA6DE00BBD987 /* NSMutableURLRequest+Parameters.h */,
				F4F94FE3155AA6DE00BBD987 /* NSMutableURLRequest+Parameters.m */,
				F4F94FE4155AA6DE00BBD987 /* NSString+URLEncoding.h */,
				F4F94FE5155AA6DE00BBD987 /* NSString+URLEncoding.m */,
				F4F94FE6155AA6DE00BBD987 /* NSURL+Base.h */,
				F4F94FE7155AA6DE00BBD987 /* NSURL+Base.m */,
			);
			path = Categories;
			sourceTree = "<group>";
		};
		F4F94FE8155AA6DE00BBD987 /* Crypto */ = {
			isa = PBXGroup;
			children = (
				F4F94FE9155AA6DE00BBD987 /* Base64Transcoder.c */,
				F4F94FEA155AA6DE00BBD987 /* Base64Transcoder.h */,
				F4F94FEB155AA6DE00BBD987 /* hmac.c */,
				F4F94FEC155AA6DE00BBD987 /* hmac.h */,
				F4F94FED155AA6DE00BBD987 /* sha1.c */,
				F4F94FEE155AA6DE00BBD987 /* sha1.h */,
			);
			path = Crypto;
			sourceTree = "<group>";
		};
		F4F95035155ABC0B00BBD987 /* JSONKit */ = {
			isa = PBXGroup;
			children = (
				F4F95036155ABC1C00BBD987 /* JSONKit.h */,
				F4F95037155ABC1C00BBD987 /* JSONKit.m */,
			);
			name = JSONKit;
			path = ../OAuthConsumer;
			sourceTree = "<group>";
		};
		F4F9503E155AC06800BBD987 /* THWebViewController */ = {
			isa = PBXGroup;
			children = (
				F4F9503F155AC07C00BBD987 /* THWebController.bundle */,
				F4F95040155AC07C00BBD987 /* THWebController.h */,
				F4F95041155AC07C00BBD987 /* THWebController.m */,
			);
			name = THWebViewController;
			sourceTree = "<group>";
		};
/* End PBXGroup section */

/* Begin PBXNativeTarget section */
		F4F94EF1155A7EED00BBD987 /* SMXTwitterEngine */ = {
			isa = PBXNativeTarget;
			buildConfigurationList = F4F94F0A155A7EED00BBD987 /* Build configuration list for PBXNativeTarget "SMXTwitterEngine" */;
			buildPhases = (
				F4F94EEE155A7EED00BBD987 /* Sources */,
				F4F94EEF155A7EED00BBD987 /* Frameworks */,
				F4F94EF0155A7EED00BBD987 /* Resources */,
			);
			buildRules = (
			);
			dependencies = (
			);
			name = SMXTwitterEngine;
			productName = SMXTwitterEngine;
			productReference = F4F94EF2155A7EED00BBD987 /* SMXTwitterEngine.app */;
			productType = "com.apple.product-type.application";
		};
/* End PBXNativeTarget section */

/* Begin PBXProject section */
		F4F94EE9155A7EED00BBD987 /* Project object */ = {
			isa = PBXProject;
			attributes = {
				LastUpgradeCheck = 0430;
			};
			buildConfigurationList = F4F94EEC155A7EED00BBD987 /* Build configuration list for PBXProject "SMXTwitterEngine" */;
			compatibilityVersion = "Xcode 3.2";
			developmentRegion = English;
			hasScannedForEncodings = 0;
			knownRegions = (
				en,
			);
			mainGroup = F4F94EE7155A7EED00BBD987;
			productRefGroup = F4F94EF3155A7EED00BBD987 /* Products */;
			projectDirPath = "";
			projectRoot = "";
			targets = (
				F4F94EF1155A7EED00BBD987 /* SMXTwitterEngine */,
			);
		};
/* End PBXProject section */

/* Begin PBXResourcesBuildPhase section */
		F4F94EF0155A7EED00BBD987 /* Resources */ = {
			isa = PBXResourcesBuildPhase;
			buildActionMask = 2147483647;
			files = (
				F4F94F01155A7EED00BBD987 /* InfoPlist.strings in Resources */,
				F4F94FDF155AA3DC00BBD987 /* TwitterViewController.xib in Resources */,
				F4F9501B155AA6DF00BBD987 /* OATestServer.rb in Resources */,
				F4F9501E155AA6DF00BBD987 /* README in Resources */,
				F4F95042155AC07C00BBD987 /* THWebController.bundle in Resources */,
			);
			runOnlyForDeploymentPostprocessing = 0;
		};
/* End PBXResourcesBuildPhase section */

/* Begin PBXSourcesBuildPhase section */
		F4F94EEE155A7EED00BBD987 /* Sources */ = {
			isa = PBXSourcesBuildPhase;
			buildActionMask = 2147483647;
			files = (
				F4F94F03155A7EED00BBD987 /* main.m in Sources */,
				F4F94F07155A7EED00BBD987 /* AppDelegate.m in Sources */,
				F4F94F0F155A7EFA00BBD987 /* SMXTwitterEngine.m in Sources */,
				F4F94F17155A81AC00BBD987 /* UIAlertView+MKBlockAdditions.m in Sources */,
				F4F94FDD155AA3B400BBD987 /* TwitterViewController.m in Sources */,
				F4F9500B155AA6DE00BBD987 /* NSMutableURLRequest+Parameters.m in Sources */,
				F4F9500C155AA6DE00BBD987 /* NSString+URLEncoding.m in Sources */,
				F4F9500D155AA6DE00BBD987 /* NSURL+Base.m in Sources */,
				F4F9500E155AA6DE00BBD987 /* Base64Transcoder.c in Sources */,
				F4F9500F155AA6DE00BBD987 /* hmac.c in Sources */,
				F4F95010155AA6DE00BBD987 /* sha1.c in Sources */,
				F4F95011155AA6DE00BBD987 /* OAAttachment.m in Sources */,
				F4F95012155AA6DE00BBD987 /* OACall.m in Sources */,
				F4F95013155AA6DE00BBD987 /* OAConsumer.m in Sources */,
				F4F95014155AA6DE00BBD987 /* OADataFetcher.m in Sources */,
				F4F95015155AA6DE00BBD987 /* OAHMAC_SHA1SignatureProvider.m in Sources */,
				F4F95016155AA6DE00BBD987 /* OAMutableURLRequest.m in Sources */,
				F4F95017155AA6DE00BBD987 /* OAPlaintextSignatureProvider.m in Sources */,
				F4F95018155AA6DE00BBD987 /* OAProblem.m in Sources */,
				F4F95019155AA6DE00BBD987 /* OARequestParameter.m in Sources */,
				F4F9501A155AA6DE00BBD987 /* OAServiceTicket.m in Sources */,
				F4F9501C155AA6DF00BBD987 /* OAToken.m in Sources */,
				F4F9501D155AA6DF00BBD987 /* OATokenManager.m in Sources */,
				F4F95038155ABC1C00BBD987 /* JSONKit.m in Sources */,
				F4F95043155AC07C00BBD987 /* THWebController.m in Sources */,
			);
			runOnlyForDeploymentPostprocessing = 0;
		};
/* End PBXSourcesBuildPhase section */

/* Begin PBXVariantGroup section */
		F4F94EFF155A7EED00BBD987 /* InfoPlist.strings */ = {
			isa = PBXVariantGroup;
			children = (
				F4F94F00155A7EED00BBD987 /* en */,
			);
			name = InfoPlist.strings;
			sourceTree = "<group>";
		};
/* End PBXVariantGroup section */

/* Begin XCBuildConfiguration section */
		F4F94F08155A7EED00BBD987 /* Debug */ = {
			isa = XCBuildConfiguration;
			buildSettings = {
				ALWAYS_SEARCH_USER_PATHS = NO;
				ARCHS = "$(ARCHS_STANDARD_32_BIT)";
				"CODE_SIGN_IDENTITY[sdk=iphoneos*]" = "iPhone Developer";
				COPY_PHASE_STRIP = NO;
				GCC_C_LANGUAGE_STANDARD = gnu99;
				GCC_DYNAMIC_NO_PIC = NO;
				GCC_OPTIMIZATION_LEVEL = 0;
				GCC_PREPROCESSOR_DEFINITIONS = (
					"DEBUG=1",
					"$(inherited)",
				);
				GCC_SYMBOLS_PRIVATE_EXTERN = NO;
				GCC_VERSION = com.apple.compilers.llvm.clang.1_0;
				GCC_WARN_ABOUT_RETURN_TYPE = YES;
				GCC_WARN_UNINITIALIZED_AUTOS = YES;
				GCC_WARN_UNUSED_VARIABLE = YES;
				IPHONEOS_DEPLOYMENT_TARGET = 5.1;
				SDKROOT = iphoneos;
			};
			name = Debug;
		};
		F4F94F09155A7EED00BBD987 /* Release */ = {
			isa = XCBuildConfiguration;
			buildSettings = {
				ALWAYS_SEARCH_USER_PATHS = NO;
				ARCHS = "$(ARCHS_STANDARD_32_BIT)";
				"CODE_SIGN_IDENTITY[sdk=iphoneos*]" = "iPhone Developer";
				COPY_PHASE_STRIP = YES;
				GCC_C_LANGUAGE_STANDARD = gnu99;
				GCC_VERSION = com.apple.compilers.llvm.clang.1_0;
				GCC_WARN_ABOUT_RETURN_TYPE = YES;
				GCC_WARN_UNINITIALIZED_AUTOS = YES;
				GCC_WARN_UNUSED_VARIABLE = YES;
				IPHONEOS_DEPLOYMENT_TARGET = 5.1;
				OTHER_CFLAGS = "-DNS_BLOCK_ASSERTIONS=1";
				SDKROOT = iphoneos;
				VALIDATE_PRODUCT = YES;
			};
			name = Release;
		};
		F4F94F0B155A7EED00BBD987 /* Debug */ = {
			isa = XCBuildConfiguration;
			buildSettings = {
				GCC_PRECOMPILE_PREFIX_HEADER = YES;
				GCC_PREFIX_HEADER = "SMXTwitterEngine/SMXTwitterEngine-Prefix.pch";
				HEADER_SEARCH_PATHS = "";
				INFOPLIST_FILE = "SMXTwitterEngine/SMXTwitterEngine-Info.plist";
				IPHONEOS_DEPLOYMENT_TARGET = 4.0;
				LIBRARY_SEARCH_PATHS = "$(inherited)";
				PRODUCT_NAME = "$(TARGET_NAME)";
				WRAPPER_EXTENSION = app;
			};
			name = Debug;
		};
		F4F94F0C155A7EED00BBD987 /* Release */ = {
			isa = XCBuildConfiguration;
			buildSettings = {
				GCC_PRECOMPILE_PREFIX_HEADER = YES;
				GCC_PREFIX_HEADER = "SMXTwitterEngine/SMXTwitterEngine-Prefix.pch";
				HEADER_SEARCH_PATHS = "";
				INFOPLIST_FILE = "SMXTwitterEngine/SMXTwitterEngine-Info.plist";
				IPHONEOS_DEPLOYMENT_TARGET = 4.0;
				LIBRARY_SEARCH_PATHS = "$(inherited)";
				PRODUCT_NAME = "$(TARGET_NAME)";
				WRAPPER_EXTENSION = app;
			};
			name = Release;
		};
/* End XCBuildConfiguration section */

/* Begin XCConfigurationList section */
		F4F94EEC155A7EED00BBD987 /* Build configuration list for PBXProject "SMXTwitterEngine" */ = {
			isa = XCConfigurationList;
			buildConfigurations = (
				F4F94F08155A7EED00BBD987 /* Debug */,
				F4F94F09155A7EED00BBD987 /* Release */,
			);
			defaultConfigurationIsVisible = 0;
			defaultConfigurationName = Release;
		};
		F4F94F0A155A7EED00BBD987 /* Build configuration list for PBXNativeTarget "SMXTwitterEngine" */ = {
			isa = XCConfigurationList;
			buildConfigurations = (
				F4F94F0B155A7EED00BBD987 /* Debug */,
				F4F94F0C155A7EED00BBD987 /* Release */,
			);
			defaultConfigurationIsVisible = 0;
		};
/* End XCConfigurationList section */
	};
	rootObject = F4F94EE9155A7EED00BBD987 /* Project object */;
}
